// !$*UTF8*$!
{
	archiveVersion = 1;
	classes = {
	};
	objectVersion = 46;
	objects = {

/* Begin PBXBuildFile section */
		512811F31F3B554D0088380C /* main.m in Sources */ = {isa = PBXBuildFile; fileRef = 512811F21F3B554D0088380C /* main.m */; };
		512811FB1F3B5A120088380C /* GCDAsync.m in Sources */ = {isa = PBXBuildFile; fileRef = 512811FA1F3B5A120088380C /* GCDAsync.m */; };
		512812021F3CA43E0088380C /* Foundation.framework in Frameworks */ = {isa = PBXBuildFile; fileRef = 512812011F3CA43E0088380C /* Foundation.framework */; };
		5128120B1F3CA8530088380C /* TimerSource.m in Sources */ = {isa = PBXBuildFile; fileRef = 5128120A1F3CA8530088380C /* TimerSource.m */; };
		5128120D1F3CA9C80088380C /* ReadSource.m in Sources */ = {isa = PBXBuildFile; fileRef = 5128120C1F3CA9C80088380C /* ReadSource.m */; };
		512812111F3F3DCB0088380C /* VNodeSource.m in Sources */ = {isa = PBXBuildFile; fileRef = 512812101F3F3DCB0088380C /* VNodeSource.m */; };
		512812141F3F42630088380C /* ProcSource.m in Sources */ = {isa = PBXBuildFile; fileRef = 512812131F3F42630088380C /* ProcSource.m */; };
/* End PBXBuildFile section */

/* Begin PBXCopyFilesBuildPhase section */
		512811ED1F3B554D0088380C /* CopyFiles */ = {
			isa = PBXCopyFilesBuildPhase;
			buildActionMask = 2147483647;
			dstPath = /usr/share/man/man1/;
			dstSubfolderSpec = 0;
			files = (
			);
			runOnlyForDeploymentPostprocessing = 1;
		};
/* End PBXCopyFilesBuildPhase section */

/* Begin PBXFileReference section */
		512811EF1F3B554D0088380C /* GCD */ = {isa = PBXFileReference; explicitFileType = "compiled.mach-o.executable"; includeInIndex = 0; path = GCD; sourceTree = BUILT_PRODUCTS_DIR; };
		512811F21F3B554D0088380C /* main.m */ = {isa = PBXFileReference; lastKnownFileType = sourcecode.c.objc; path = main.m; sourceTree = "<group>"; };
		512811F91F3B5A120088380C /* GCDAsync.h */ = {isa = PBXFileReference; fileEncoding = 4; lastKnownFileType = sourcecode.c.h; path = GCDAsync.h; sourceTree = "<group>"; };
		512811FA1F3B5A120088380C /* GCDAsync.m */ = {isa = PBXFileReference; fileEncoding = 4; lastKnownFileType = sourcecode.c.objc; path = GCDAsync.m; sourceTree = "<group>"; };
		512812011F3CA43E0088380C /* Foundation.framework */ = {isa = PBXFileReference; lastKnownFileType = wrapper.framework; name = Foundation.framework; path = System/Library/Frameworks/Foundation.framework; sourceTree = SDKROOT; };
		512812061F3CA6F60088380C /* CommonHeaders.h */ = {isa = PBXFileReference; lastKnownFileType = sourcecode.c.h; path = CommonHeaders.h; sourceTree = "<group>"; };
		5128120A1F3CA8530088380C /* TimerSource.m */ = {isa = PBXFileReference; fileEncoding = 4; lastKnownFileType = sourcecode.c.objc; path = TimerSource.m; sourceTree = "<group>"; };
		5128120C1F3CA9C80088380C /* ReadSource.m */ = {isa = PBXFileReference; fileEncoding = 4; lastKnownFileType = sourcecode.c.objc; path = ReadSource.m; sourceTree = "<group>"; };
		5128120E1F3CAF910088380C /* WriteSource.m */ = {isa = PBXFileReference; fileEncoding = 4; lastKnownFileType = sourcecode.c.objc; path = WriteSource.m; sourceTree = "<group>"; };
		512812101F3F3DCB0088380C /* VNodeSource.m */ = {isa = PBXFileReference; fileEncoding = 4; lastKnownFileType = sourcecode.c.objc; path = VNodeSource.m; sourceTree = "<group>"; };
		512812131F3F42630088380C /* ProcSource.m */ = {isa = PBXFileReference; fileEncoding = 4; lastKnownFileType = sourcecode.c.objc; path = ProcSource.m; sourceTree = "<group>"; };
/* End PBXFileReference section */

/* Begin PBXFrameworksBuildPhase section */
		512811EC1F3B554D0088380C /* Frameworks */ = {
			isa = PBXFrameworksBuildPhase;
			buildActionMask = 2147483647;
			files = (
				512812021F3CA43E0088380C /* Foundation.framework in Frameworks */,
			);
			runOnlyForDeploymentPostprocessing = 0;
		};
/* End PBXFrameworksBuildPhase section */

/* Begin PBXGroup section */
		512811E61F3B554D0088380C = {
			isa = PBXGroup;
			children = (
				512811F11F3B554D0088380C /* GCD */,
				512811F01F3B554D0088380C /* Products */,
				512812001F3CA43E0088380C /* Frameworks */,
			);
			sourceTree = "<group>";
		};
		512811F01F3B554D0088380C /* Products */ = {
			isa = PBXGroup;
			children = (
				512811EF1F3B554D0088380C /* GCD */,
			);
			name = Products;
			sourceTree = "<group>";
		};
		512811F11F3B554D0088380C /* GCD */ = {
			isa = PBXGroup;
			children = (
				512811F21F3B554D0088380C /* main.m */,
				512811F91F3B5A120088380C /* GCDAsync.h */,
				512811FA1F3B5A120088380C /* GCDAsync.m */,
				512812061F3CA6F60088380C /* CommonHeaders.h */,
				5128120A1F3CA8530088380C /* TimerSource.m */,
				5128120C1F3CA9C80088380C /* ReadSource.m */,
				5128120E1F3CAF910088380C /* WriteSource.m */,
				512812101F3F3DCB0088380C /* VNodeSource.m */,
				512812131F3F42630088380C /* ProcSource.m */,
			);
			path = GCD;
			sourceTree = "<group>";
		};
		512812001F3CA43E0088380C /* Frameworks */ = {
			isa = PBXGroup;
			children = (
				512812011F3CA43E0088380C /* Foundation.framework */,
			);
			name = Frameworks;
			sourceTree = "<group>";
		};
/* End PBXGroup section */

/* Begin PBXNativeTarget section */
		512811EE1F3B554D0088380C /* GCD */ = {
			isa = PBXNativeTarget;
			buildConfigurationList = 512811F61F3B554D0088380C /* Build configuration list for PBXNativeTarget "GCD" */;
			buildPhases = (
				512811EB1F3B554D0088380C /* Sources */,
				512811EC1F3B554D0088380C /* Frameworks */,
				512811ED1F3B554D0088380C /* CopyFiles */,
			);
			buildRules = (
			);
			dependencies = (
			);
			name = GCD;
			productName = GCD;
			productReference = 512811EF1F3B554D0088380C /* GCD */;
			productType = "com.apple.product-type.tool";
		};
/* End PBXNativeTarget section */

/* Begin PBXProject section */
		512811E71F3B554D0088380C /* Project object */ = {
			isa = PBXProject;
			attributes = {
				LastUpgradeCheck = 0800;
				ORGANIZATIONNAME = "梁宪松";
				TargetAttributes = {
					512811EE1F3B554D0088380C = {
						CreatedOnToolsVersion = 8.0;
						ProvisioningStyle = Automatic;
					};
				};
			};
			buildConfigurationList = 512811EA1F3B554D0088380C /* Build configuration list for PBXProject "GCD" */;
			compatibilityVersion = "Xcode 3.2";
			developmentRegion = English;
			hasScannedForEncodings = 0;
			knownRegions = (
				en,
			);
			mainGroup = 512811E61F3B554D0088380C;
			productRefGroup = 512811F01F3B554D0088380C /* Products */;
			projectDirPath = "";
			projectRoot = "";
			targets = (
				512811EE1F3B554D0088380C /* GCD */,
			);
		};
/* End PBXProject section */

/* Begin PBXSourcesBuildPhase section */
		512811EB1F3B554D0088380C /* Sources */ = {
			isa = PBXSourcesBuildPhase;
			buildActionMask = 2147483647;
			files = (
				5128120D1F3CA9C80088380C /* ReadSource.m in Sources */,
				512811F31F3B554D0088380C /* main.m in Sources */,
				512812141F3F42630088380C /* ProcSource.m in Sources */,
				5128120B1F3CA8530088380C /* TimerSource.m in Sources */,
				512811FB1F3B5A120088380C /* GCDAsync.m in Sources */,
				512812111F3F3DCB0088380C /* VNodeSource.m in Sources */,
			);
			runOnlyForDeploymentPostprocessing = 0;
		};
/* End PBXSourcesBuildPhase section */

/* Begin XCBuildConfiguration section */
		512811F41F3B554D0088380C /* Debug */ = {
			isa = XCBuildConfiguration;
			buildSettings = {
				ALWAYS_SEARCH_USER_PATHS = NO;
				CLANG_ANALYZER_NONNULL = YES;
				CLANG_CXX_LANGUAGE_STANDARD = "gnu++0x";
				CLANG_CXX_LIBRARY = "libc++";
				CLANG_ENABLE_MODULES = YES;
				CLANG_ENABLE_OBJC_ARC = YES;
				CLANG_WARN_BOOL_CONVERSION = YES;
				CLANG_WARN_CONSTANT_CONVERSION = YES;
				CLANG_WARN_DIRECT_OBJC_ISA_USAGE = YES_ERROR;
				CLANG_WARN_DOCUMENTATION_COMMENTS = YES;
				CLANG_WARN_EMPTY_BODY = YES;
				CLANG_WARN_ENUM_CONVERSION = YES;
				CLANG_WARN_INFINITE_RECURSION = YES;
				CLANG_WARN_INT_CONVERSION = YES;
				CLANG_WARN_OBJC_ROOT_CLASS = YES_ERROR;
				CLANG_WARN_SUSPICIOUS_MOVES = YES;
				CLANG_WARN_UNREACHABLE_CODE = YES;
				CLANG_WARN__DUPLICATE_METHOD_MATCH = YES;
				CODE_SIGN_IDENTITY = "-";
				COPY_PHASE_STRIP = NO;
				DEBUG_INFORMATION_FORMAT = dwarf;
				ENABLE_STRICT_OBJC_MSGSEND = YES;
				ENABLE_TESTABILITY = YES;
				GCC_C_LANGUAGE_STANDARD = gnu99;
				GCC_DYNAMIC_NO_PIC = NO;
				GCC_NO_COMMON_BLOCKS = YES;
				GCC_OPTIMIZATION_LEVEL = 0;
				GCC_PREPROCESSOR_DEFINITIONS = (
					"DEBUG=1",
					"$(inherited)",
				);
				GCC_WARN_64_TO_32_BIT_CONVERSION = YES;
				GCC_WARN_ABOUT_RETURN_TYPE = YES_ERROR;
				GCC_WARN_UNDECLARED_SELECTOR = YES;
				GCC_WARN_UNINITIALIZED_AUTOS = YES_AGGRESSIVE;
				GCC_WARN_UNUSED_FUNCTION = YES;
				GCC_WARN_UNUSED_VARIABLE = YES;
				MACOSX_DEPLOYMENT_TARGET = 10.12;
				MTL_ENABLE_DEBUG_INFO = YES;
				ONLY_ACTIVE_ARCH = YES;
				SDKROOT = macosx;
			};
			name = Debug;
		};
		512811F51F3B554D0088380C /* Release */ = {
			isa = XCBuildConfiguration;
			buildSettings = {
				ALWAYS_SEARCH_USER_PATHS = NO;
				CLANG_ANALYZER_NONNULL = YES;
				CLANG_CXX_LANGUAGE_STANDARD = "gnu++0x";
				CLANG_CXX_LIBRARY = "libc++";
				CLANG_ENABLE_MODULES = YES;
				CLANG_ENABLE_OBJC_ARC = YES;
				CLANG_WARN_BOOL_CONVERSION = YES;
				CLANG_WARN_CONSTANT_CONVERSION = YES;
				CLANG_WARN_DIRECT_OBJC_ISA_USAGE = YES_ERROR;
				CLANG_WARN_DOCUMENTATION_COMMENTS = YES;
				CLANG_WARN_EMPTY_BODY = YES;
				CLANG_WARN_ENUM_CONVERSION = YES;
				CLANG_WARN_INFINITE_RECURSION = YES;
				CLANG_WARN_INT_CONVERSION = YES;
				CLANG_WARN_OBJC_ROOT_CLASS = YES_ERROR;
				CLANG_WARN_SUSPICIOUS_MOVES = YES;
				CLANG_WARN_UNREACHABLE_CODE = YES;
				CLANG_WARN__DUPLICATE_METHOD_MATCH = YES;
				CODE_SIGN_IDENTITY = "-";
				COPY_PHASE_STRIP = NO;
				DEBUG_INFORMATION_FORMAT = "dwarf-with-dsym";
				ENABLE_NS_ASSERTIONS = NO;
				ENABLE_STRICT_OBJC_MSGSEND = YES;
				GCC_C_LANGUAGE_STANDARD = gnu99;
				GCC_NO_COMMON_BLOCKS = YES;
				GCC_WARN_64_TO_32_BIT_CONVERSION = YES;
				GCC_WARN_ABOUT_RETURN_TYPE = YES_ERROR;
				GCC_WARN_UNDECLARED_SELECTOR = YES;
				GCC_WARN_UNINITIALIZED_AUTOS = YES_AGGRESSIVE;
				GCC_WARN_UNUSED_FUNCTION = YES;
				GCC_WARN_UNUSED_VARIABLE = YES;
				MACOSX_DEPLOYMENT_TARGET = 10.12;
				MTL_ENABLE_DEBUG_INFO = NO;
				SDKROOT = macosx;
			};
			name = Release;
		};
		512811F71F3B554D0088380C /* Debug */ = {
			isa = XCBuildConfiguration;
			buildSettings = {
				PRODUCT_NAME = "$(TARGET_NAME)";
			};
			name = Debug;
		};
		512811F81F3B554D0088380C /* Release */ = {
			isa = XCBuildConfiguration;
			buildSettings = {
				PRODUCT_NAME = "$(TARGET_NAME)";
			};
			name = Release;
		};
/* End XCBuildConfiguration section */

/* Begin XCConfigurationList section */
		512811EA1F3B554D0088380C /* Build configuration list for PBXProject "GCD" */ = {
			isa = XCConfigurationList;
			buildConfigurations = (
				512811F41F3B554D0088380C /* Debug */,
				512811F51F3B554D0088380C /* Release */,
			);
			defaultConfigurationIsVisible = 0;
			defaultConfigurationName = Release;
		};
		512811F61F3B554D0088380C /* Build configuration list for PBXNativeTarget "GCD" */ = {
			isa = XCConfigurationList;
			buildConfigurations = (
				512811F71F3B554D0088380C /* Debug */,
				512811F81F3B554D0088380C /* Release */,
			);
			defaultConfigurationIsVisible = 0;
			defaultConfigurationName = Release;
		};
/* End XCConfigurationList section */
	};
	rootObject = 512811E71F3B554D0088380C /* Project object */;
}
